
Microsoft Visual Studio Solution File, Format Version 12.00
# Visual Studio Version 17
VisualStudioVersion = 17.14.36623.8 d17.14
MinimumVisualStudioVersion = 10.0.40219.1
Project("{FAE04EC0-301F-11D3-BF4B-00C04F79EFBC}") = "KookBoek_Examen", "KookBoek_Examen\KookBoek_Examen.csproj", "{9DB25B53-F51F-4E12-AC02-B4FFBF699B3F}"
EndProject
Global
	GlobalSection(SolutionConfigurationPlatforms) = preSolution
		Debug|Any CPU = Debug|Any CPU
		Release|Any CPU = Release|Any CPU
	EndGlobalSection
	GlobalSection(ProjectConfigurationPlatforms) = postSolution
		{9DB25B53-F51F-4E12-AC02-B4FFBF699B3F}.Debug|Any CPU.ActiveCfg = Debug|Any CPU
		{9DB25B53-F51F-4E12-AC02-B4FFBF699B3F}.Debug|Any CPU.Build.0 = Debug|Any CPU
		{9DB25B53-F51F-4E12-AC02-B4FFBF699B3F}.Release|Any CPU.ActiveCfg = Release|Any CPU
		{9DB25B53-F51F-4E12-AC02-B4FFBF699B3F}.Release|Any CPU.Build.0 = Release|Any CPU
	EndGlobalSection
	GlobalSection(SolutionProperties) = preSolution
		HideSolutionNode = FALSE
	EndGlobalSection
	GlobalSection(ExtensibilityGlobals) = postSolution
		SolutionGuid = {F63A22F8-E7BC-472A-9B9D-B6BA64D61780}
	EndGlobalSection
EndGlobal
